// !$*UTF8*$!
{
	archiveVersion = 1;
	classes = {
	};
	objectVersion = 48;
	objects = {

/* Begin PBXBuildFile section */
		4A5AEE862085987300EBFF88 /* AppDelegate.m in Sources */ = {isa = PBXBuildFile; fileRef = 4A5AEE852085987300EBFF88 /* AppDelegate.m */; };
		4A5AEE8C2085987300EBFF88 /* Main.storyboard in Resources */ = {isa = PBXBuildFile; fileRef = 4A5AEE8A2085987300EBFF88 /* Main.storyboard */; };
		4A5AEE912085987300EBFF88 /* LaunchScreen.storyboard in Resources */ = {isa = PBXBuildFile; fileRef = 4A5AEE8F2085987300EBFF88 /* LaunchScreen.storyboard */; };
		4A5AEE942085987300EBFF88 /* main.m in Sources */ = {isa = PBXBuildFile; fileRef = 4A5AEE932085987300EBFF88 /* main.m */; };
		4A5AEE9D2085A87600EBFF88 /* MFPictureBrowser.m in Sources */ = {isa = PBXBuildFile; fileRef = 4A5AEE9C2085A87600EBFF88 /* MFPictureBrowser.m */; };
		4A5AEEA02085BC7500EBFF88 /* MFPictureView.m in Sources */ = {isa = PBXBuildFile; fileRef = 4A5AEE9F2085BC7500EBFF88 /* MFPictureView.m */; };
		4A5AEEA32085C11B00EBFF88 /* MFDisplayPhotoCollectionViewCell.m in Sources */ = {isa = PBXBuildFile; fileRef = 4A5AEEA22085C11B00EBFF88 /* MFDisplayPhotoCollectionViewCell.m */; };
		4AA906B6208DAD4C00C99D77 /* FLAnimatedImageView+TransitionImage.m in Sources */ = {isa = PBXBuildFile; fileRef = 4AA906B5208DAD4C00C99D77 /* FLAnimatedImageView+TransitionImage.m */; };
		4AE0C925208EBF6800A2B2D5 /* MFPictureModel.m in Sources */ = {isa = PBXBuildFile; fileRef = 4AE0C924208EBF6800A2B2D5 /* MFPictureModel.m */; };
		4AE0C929208F01FC00A2B2D5 /* 1.gif in Resources */ = {isa = PBXBuildFile; fileRef = 4AE0C928208F01FC00A2B2D5 /* 1.gif */; };
		4AE0C92D208F046800A2B2D5 /* 2.gif in Resources */ = {isa = PBXBuildFile; fileRef = 4AE0C92C208F046800A2B2D5 /* 2.gif */; };
		4AE0C92F208F1E5500A2B2D5 /* 3.gif in Resources */ = {isa = PBXBuildFile; fileRef = 4AE0C92E208F1E5500A2B2D5 /* 3.gif */; };
		5E53B83F20863DD5007480C7 /* ListViewController.m in Sources */ = {isa = PBXBuildFile; fileRef = 5E53B83E20863DD5007480C7 /* ListViewController.m */; };
		5E53B84220863F0B007480C7 /* RemoteImageViewController.m in Sources */ = {isa = PBXBuildFile; fileRef = 5E53B84120863F0B007480C7 /* RemoteImageViewController.m */; };
		5E53B84520863F14007480C7 /* LocalImageViewController.m in Sources */ = {isa = PBXBuildFile; fileRef = 5E53B84420863F14007480C7 /* LocalImageViewController.m */; };
		5E53B849208642AE007480C7 /* Image.xcassets in Resources */ = {isa = PBXBuildFile; fileRef = 5E53B848208642AE007480C7 /* Image.xcassets */; };
		C343AF5E55FDB1C04384A8C5 /* libPods-MFPictureBrowserDemo.a in Frameworks */ = {isa = PBXBuildFile; fileRef = A3403644A2EFF9B61054AEB2 /* libPods-MFPictureBrowserDemo.a */; };
/* End PBXBuildFile section */

/* Begin PBXFileReference section */
		03F4406D2CD57D8E4838F5A5 /* Pods-MFPictureBrowserDemo.debug.xcconfig */ = {isa = PBXFileReference; includeInIndex = 1; lastKnownFileType = text.xcconfig; name = "Pods-MFPictureBrowserDemo.debug.xcconfig"; path = "Pods/Target Support Files/Pods-MFPictureBrowserDemo/Pods-MFPictureBrowserDemo.debug.xcconfig"; sourceTree = "<group>"; };
		4A5AEE812085987300EBFF88 /* MFPictureBrowserDemo.app */ = {isa = PBXFileReference; explicitFileType = wrapper.application; includeInIndex = 0; path = MFPictureBrowserDemo.app; sourceTree = BUILT_PRODUCTS_DIR; };
		4A5AEE842085987300EBFF88 /* AppDelegate.h */ = {isa = PBXFileReference; lastKnownFileType = sourcecode.c.h; path = AppDelegate.h; sourceTree = "<group>"; };
		4A5AEE852085987300EBFF88 /* AppDelegate.m */ = {isa = PBXFileReference; lastKnownFileType = sourcecode.c.objc; path = AppDelegate.m; sourceTree = "<group>"; };
		4A5AEE8B2085987300EBFF88 /* Base */ = {isa = PBXFileReference; lastKnownFileType = file.storyboard; name = Base; path = Base.lproj/Main.storyboard; sourceTree = "<group>"; };
		4A5AEE902085987300EBFF88 /* Base */ = {isa = PBXFileReference; lastKnownFileType = file.storyboard; name = Base; path = Base.lproj/LaunchScreen.storyboard; sourceTree = "<group>"; };
		4A5AEE922085987300EBFF88 /* Info.plist */ = {isa = PBXFileReference; lastKnownFileType = text.plist.xml; path = Info.plist; sourceTree = "<group>"; };
		4A5AEE932085987300EBFF88 /* main.m */ = {isa = PBXFileReference; lastKnownFileType = sourcecode.c.objc; path = main.m; sourceTree = "<group>"; };
		4A5AEE9B2085A87600EBFF88 /* MFPictureBrowser.h */ = {isa = PBXFileReference; lastKnownFileType = sourcecode.c.h; path = MFPictureBrowser.h; sourceTree = "<group>"; };
		4A5AEE9C2085A87600EBFF88 /* MFPictureBrowser.m */ = {isa = PBXFileReference; lastKnownFileType = sourcecode.c.objc; path = MFPictureBrowser.m; sourceTree = "<group>"; };
		4A5AEE9E2085BC7500EBFF88 /* MFPictureView.h */ = {isa = PBXFileReference; lastKnownFileType = sourcecode.c.h; path = MFPictureView.h; sourceTree = "<group>"; };
		4A5AEE9F2085BC7500EBFF88 /* MFPictureView.m */ = {isa = PBXFileReference; lastKnownFileType = sourcecode.c.objc; path = MFPictureView.m; sourceTree = "<group>"; };
		4A5AEEA12085C11B00EBFF88 /* MFDisplayPhotoCollectionViewCell.h */ = {isa = PBXFileReference; fileEncoding = 4; lastKnownFileType = sourcecode.c.h; path = MFDisplayPhotoCollectionViewCell.h; sourceTree = "<group>"; };
		4A5AEEA22085C11B00EBFF88 /* MFDisplayPhotoCollectionViewCell.m */ = {isa = PBXFileReference; fileEncoding = 4; lastKnownFileType = sourcecode.c.objc; path = MFDisplayPhotoCollectionViewCell.m; sourceTree = "<group>"; };
		4AA906B4208DAD4C00C99D77 /* FLAnimatedImageView+TransitionImage.h */ = {isa = PBXFileReference; lastKnownFileType = sourcecode.c.h; path = "FLAnimatedImageView+TransitionImage.h"; sourceTree = "<group>"; };
		4AA906B5208DAD4C00C99D77 /* FLAnimatedImageView+TransitionImage.m */ = {isa = PBXFileReference; lastKnownFileType = sourcecode.c.objc; path = "FLAnimatedImageView+TransitionImage.m"; sourceTree = "<group>"; };
		4AE0C922208EBAE900A2B2D5 /* MFPictureModelProtocol.h */ = {isa = PBXFileReference; lastKnownFileType = sourcecode.c.h; path = MFPictureModelProtocol.h; sourceTree = "<group>"; };
		4AE0C923208EBF6800A2B2D5 /* MFPictureModel.h */ = {isa = PBXFileReference; lastKnownFileType = sourcecode.c.h; path = MFPictureModel.h; sourceTree = "<group>"; };
		4AE0C924208EBF6800A2B2D5 /* MFPictureModel.m */ = {isa = PBXFileReference; lastKnownFileType = sourcecode.c.objc; path = MFPictureModel.m; sourceTree = "<group>"; };
		4AE0C928208F01FC00A2B2D5 /* 1.gif */ = {isa = PBXFileReference; lastKnownFileType = image.gif; path = 1.gif; sourceTree = "<group>"; };
		4AE0C92C208F046800A2B2D5 /* 2.gif */ = {isa = PBXFileReference; lastKnownFileType = image.gif; path = 2.gif; sourceTree = "<group>"; };
		4AE0C92E208F1E5500A2B2D5 /* 3.gif */ = {isa = PBXFileReference; lastKnownFileType = image.gif; path = 3.gif; sourceTree = "<group>"; };
		5E53B83D20863DD5007480C7 /* ListViewController.h */ = {isa = PBXFileReference; lastKnownFileType = sourcecode.c.h; path = ListViewController.h; sourceTree = "<group>"; };
		5E53B83E20863DD5007480C7 /* ListViewController.m */ = {isa = PBXFileReference; lastKnownFileType = sourcecode.c.objc; path = ListViewController.m; sourceTree = "<group>"; };
		5E53B84020863F0B007480C7 /* RemoteImageViewController.h */ = {isa = PBXFileReference; lastKnownFileType = sourcecode.c.h; path = RemoteImageViewController.h; sourceTree = "<group>"; };
		5E53B84120863F0B007480C7 /* RemoteImageViewController.m */ = {isa = PBXFileReference; lastKnownFileType = sourcecode.c.objc; path = RemoteImageViewController.m; sourceTree = "<group>"; };
		5E53B84320863F14007480C7 /* LocalImageViewController.h */ = {isa = PBXFileReference; lastKnownFileType = sourcecode.c.h; path = LocalImageViewController.h; sourceTree = "<group>"; };
		5E53B84420863F14007480C7 /* LocalImageViewController.m */ = {isa = PBXFileReference; lastKnownFileType = sourcecode.c.objc; path = LocalImageViewController.m; sourceTree = "<group>"; };
		5E53B848208642AE007480C7 /* Image.xcassets */ = {isa = PBXFileReference; lastKnownFileType = folder.assetcatalog; path = Image.xcassets; sourceTree = "<group>"; };
		8E2D0E105573B85353E3FBA2 /* Pods-MFPictureBrowserDemo.release.xcconfig */ = {isa = PBXFileReference; includeInIndex = 1; lastKnownFileType = text.xcconfig; name = "Pods-MFPictureBrowserDemo.release.xcconfig"; path = "Pods/Target Support Files/Pods-MFPictureBrowserDemo/Pods-MFPictureBrowserDemo.release.xcconfig"; sourceTree = "<group>"; };
		A3403644A2EFF9B61054AEB2 /* libPods-MFPictureBrowserDemo.a */ = {isa = PBXFileReference; explicitFileType = archive.ar; includeInIndex = 0; path = "libPods-MFPictureBrowserDemo.a"; sourceTree = BUILT_PRODUCTS_DIR; };
/* End PBXFileReference section */

/* Begin PBXFrameworksBuildPhase section */
		4A5AEE7E2085987300EBFF88 /* Frameworks */ = {
			isa = PBXFrameworksBuildPhase;
			buildActionMask = 2147483647;
			files = (
				C343AF5E55FDB1C04384A8C5 /* libPods-MFPictureBrowserDemo.a in Frameworks */,
			);
			runOnlyForDeploymentPostprocessing = 0;
		};
/* End PBXFrameworksBuildPhase section */

/* Begin PBXGroup section */
		0AAAB81BBA9D6597659FA589 /* Pods */ = {
			isa = PBXGroup;
			children = (
				03F4406D2CD57D8E4838F5A5 /* Pods-MFPictureBrowserDemo.debug.xcconfig */,
				8E2D0E105573B85353E3FBA2 /* Pods-MFPictureBrowserDemo.release.xcconfig */,
			);
			name = Pods;
			sourceTree = "<group>";
		};
		4A5AEE782085987300EBFF88 = {
			isa = PBXGroup;
			children = (
				4A5AEE832085987300EBFF88 /* MFPictureBrowserDemo */,
				4A5AEE822085987300EBFF88 /* Products */,
				0AAAB81BBA9D6597659FA589 /* Pods */,
				A77A5EFA813399DFB28FEDF5 /* Frameworks */,
			);
			sourceTree = "<group>";
		};
		4A5AEE822085987300EBFF88 /* Products */ = {
			isa = PBXGroup;
			children = (
				4A5AEE812085987300EBFF88 /* MFPictureBrowserDemo.app */,
			);
			name = Products;
			sourceTree = "<group>";
		};
		4A5AEE832085987300EBFF88 /* MFPictureBrowserDemo */ = {
			isa = PBXGroup;
			children = (
				4A5AEE9A2085988A00EBFF88 /* MFPictureBrowser */,
				4A5AEE842085987300EBFF88 /* AppDelegate.h */,
				4A5AEE852085987300EBFF88 /* AppDelegate.m */,
				5E53B83D20863DD5007480C7 /* ListViewController.h */,
				5E53B83E20863DD5007480C7 /* ListViewController.m */,
				4AE0C923208EBF6800A2B2D5 /* MFPictureModel.h */,
				4AE0C924208EBF6800A2B2D5 /* MFPictureModel.m */,
				5E53B84020863F0B007480C7 /* RemoteImageViewController.h */,
				5E53B84120863F0B007480C7 /* RemoteImageViewController.m */,
				5E53B84320863F14007480C7 /* LocalImageViewController.h */,
				5E53B84420863F14007480C7 /* LocalImageViewController.m */,
				4A5AEEA12085C11B00EBFF88 /* MFDisplayPhotoCollectionViewCell.h */,
				4A5AEEA22085C11B00EBFF88 /* MFDisplayPhotoCollectionViewCell.m */,
				4A5AEE8A2085987300EBFF88 /* Main.storyboard */,
				4A5AEE8F2085987300EBFF88 /* LaunchScreen.storyboard */,
				4A5AEE922085987300EBFF88 /* Info.plist */,
				4A5AEE932085987300EBFF88 /* main.m */,
				4AE0C928208F01FC00A2B2D5 /* 1.gif */,
				4AE0C92C208F046800A2B2D5 /* 2.gif */,
				4AE0C92E208F1E5500A2B2D5 /* 3.gif */,
				5E53B848208642AE007480C7 /* Image.xcassets */,
			);
			path = MFPictureBrowserDemo;
			sourceTree = "<group>";
		};
		4A5AEE9A2085988A00EBFF88 /* MFPictureBrowser */ = {
			isa = PBXGroup;
			children = (
				4A5AEE9B2085A87600EBFF88 /* MFPictureBrowser.h */,
				4A5AEE9C2085A87600EBFF88 /* MFPictureBrowser.m */,
				4A5AEE9E2085BC7500EBFF88 /* MFPictureView.h */,
				4A5AEE9F2085BC7500EBFF88 /* MFPictureView.m */,
				4AA906B4208DAD4C00C99D77 /* FLAnimatedImageView+TransitionImage.h */,
				4AA906B5208DAD4C00C99D77 /* FLAnimatedImageView+TransitionImage.m */,
				4AE0C922208EBAE900A2B2D5 /* MFPictureModelProtocol.h */,
			);
			path = MFPictureBrowser;
			sourceTree = "<group>";
		};
		A77A5EFA813399DFB28FEDF5 /* Frameworks */ = {
			isa = PBXGroup;
			children = (
				A3403644A2EFF9B61054AEB2 /* libPods-MFPictureBrowserDemo.a */,
			);
			name = Frameworks;
			sourceTree = "<group>";
		};
/* End PBXGroup section */

/* Begin PBXNativeTarget section */
		4A5AEE802085987300EBFF88 /* MFPictureBrowserDemo */ = {
			isa = PBXNativeTarget;
			buildConfigurationList = 4A5AEE972085987300EBFF88 /* Build configuration list for PBXNativeTarget "MFPictureBrowserDemo" */;
			buildPhases = (
				CD5B2E9B46AE3F8D5A629EC8 /* [CP] Check Pods Manifest.lock */,
				4A5AEE7D2085987300EBFF88 /* Sources */,
				4A5AEE7E2085987300EBFF88 /* Frameworks */,
				4A5AEE7F2085987300EBFF88 /* Resources */,
				009B16CC9B133F10F907ECF7 /* [CP] Embed Pods Frameworks */,
				5875E36B2D958339829D3E05 /* [CP] Copy Pods Resources */,
			);
			buildRules = (
			);
			dependencies = (
			);
			name = MFPictureBrowserDemo;
			productName = MFPictureBrowserDemo;
			productReference = 4A5AEE812085987300EBFF88 /* MFPictureBrowserDemo.app */;
			productType = "com.apple.product-type.application";
		};
/* End PBXNativeTarget section */

/* Begin PBXProject section */
		4A5AEE792085987300EBFF88 /* Project object */ = {
			isa = PBXProject;
			attributes = {
				LastUpgradeCheck = 0910;
				ORGANIZATIONNAME = "张冬冬";
				TargetAttributes = {
					4A5AEE802085987300EBFF88 = {
						CreatedOnToolsVersion = 9.1;
						ProvisioningStyle = Automatic;
					};
				};
			};
			buildConfigurationList = 4A5AEE7C2085987300EBFF88 /* Build configuration list for PBXProject "MFPictureBrowserDemo" */;
			compatibilityVersion = "Xcode 8.0";
			developmentRegion = en;
			hasScannedForEncodings = 0;
			knownRegions = (
				en,
				Base,
			);
			mainGroup = 4A5AEE782085987300EBFF88;
			productRefGroup = 4A5AEE822085987300EBFF88 /* Products */;
			projectDirPath = "";
			projectRoot = "";
			targets = (
				4A5AEE802085987300EBFF88 /* MFPictureBrowserDemo */,
			);
		};
/* End PBXProject section */

/* Begin PBXResourcesBuildPhase section */
		4A5AEE7F2085987300EBFF88 /* Resources */ = {
			isa = PBXResourcesBuildPhase;
			buildActionMask = 2147483647;
			files = (
				4AE0C92F208F1E5500A2B2D5 /* 3.gif in Resources */,
				4A5AEE912085987300EBFF88 /* LaunchScreen.storyboard in Resources */,
				4AE0C92D208F046800A2B2D5 /* 2.gif in Resources */,
				5E53B849208642AE007480C7 /* Image.xcassets in Resources */,
				4AE0C929208F01FC00A2B2D5 /* 1.gif in Resources */,
				4A5AEE8C2085987300EBFF88 /* Main.storyboard in Resources */,
			);
			runOnlyForDeploymentPostprocessing = 0;
		};
/* End PBXResourcesBuildPhase section */

/* Begin PBXShellScriptBuildPhase section */
		009B16CC9B133F10F907ECF7 /* [CP] Embed Pods Frameworks */ = {
			isa = PBXShellScriptBuildPhase;
			buildActionMask = 2147483647;
			files = (
			);
			inputPaths = (
			);
			name = "[CP] Embed Pods Frameworks";
			outputPaths = (
			);
			runOnlyForDeploymentPostprocessing = 0;
			shellPath = /bin/sh;
			shellScript = "\"${SRCROOT}/Pods/Target Support Files/Pods-MFPictureBrowserDemo/Pods-MFPictureBrowserDemo-frameworks.sh\"\n";
			showEnvVarsInLog = 0;
		};
		5875E36B2D958339829D3E05 /* [CP] Copy Pods Resources */ = {
			isa = PBXShellScriptBuildPhase;
			buildActionMask = 2147483647;
			files = (
			);
			inputPaths = (
			);
			name = "[CP] Copy Pods Resources";
			outputPaths = (
			);
			runOnlyForDeploymentPostprocessing = 0;
			shellPath = /bin/sh;
			shellScript = "\"${SRCROOT}/Pods/Target Support Files/Pods-MFPictureBrowserDemo/Pods-MFPictureBrowserDemo-resources.sh\"\n";
			showEnvVarsInLog = 0;
		};
		CD5B2E9B46AE3F8D5A629EC8 /* [CP] Check Pods Manifest.lock */ = {
			isa = PBXShellScriptBuildPhase;
			buildActionMask = 2147483647;
			files = (
			);
			inputPaths = (
				"${PODS_PODFILE_DIR_PATH}/Podfile.lock",
				"${PODS_ROOT}/Manifest.lock",
			);
			name = "[CP] Check Pods Manifest.lock";
			outputPaths = (
				"$(DERIVED_FILE_DIR)/Pods-MFPictureBrowserDemo-checkManifestLockResult.txt",
			);
			runOnlyForDeploymentPostprocessing = 0;
			shellPath = /bin/sh;
			shellScript = "diff \"${PODS_PODFILE_DIR_PATH}/Podfile.lock\" \"${PODS_ROOT}/Manifest.lock\" > /dev/null\nif [ $? != 0 ] ; then\n    # print error to STDERR\n    echo \"error: The sandbox is not in sync with the Podfile.lock. Run 'pod install' or update your CocoaPods installation.\" >&2\n    exit 1\nfi\n# This output is used by Xcode 'outputs' to avoid re-running this script phase.\necho \"SUCCESS\" > \"${SCRIPT_OUTPUT_FILE_0}\"\n";
			showEnvVarsInLog = 0;
		};
/* End PBXShellScriptBuildPhase section */

/* Begin PBXSourcesBuildPhase section */
		4A5AEE7D2085987300EBFF88 /* Sources */ = {
			isa = PBXSourcesBuildPhase;
			buildActionMask = 2147483647;
			files = (
				4A5AEE9D2085A87600EBFF88 /* MFPictureBrowser.m in Sources */,
				4A5AEEA32085C11B00EBFF88 /* MFDisplayPhotoCollectionViewCell.m in Sources */,
				5E53B83F20863DD5007480C7 /* ListViewController.m in Sources */,
				4A5AEEA02085BC7500EBFF88 /* MFPictureView.m in Sources */,
				5E53B84220863F0B007480C7 /* RemoteImageViewController.m in Sources */,
				4AA906B6208DAD4C00C99D77 /* FLAnimatedImageView+TransitionImage.m in Sources */,
				4A5AEE942085987300EBFF88 /* main.m in Sources */,
				5E53B84520863F14007480C7 /* LocalImageViewController.m in Sources */,
				4A5AEE862085987300EBFF88 /* AppDelegate.m in Sources */,
				4AE0C925208EBF6800A2B2D5 /* MFPictureModel.m in Sources */,
			);
			runOnlyForDeploymentPostprocessing = 0;
		};
/* End PBXSourcesBuildPhase section */

/* Begin PBXVariantGroup section */
		4A5AEE8A2085987300EBFF88 /* Main.storyboard */ = {
			isa = PBXVariantGroup;
			children = (
				4A5AEE8B2085987300EBFF88 /* Base */,
			);
			name = Main.storyboard;
			sourceTree = "<group>";
		};
		4A5AEE8F2085987300EBFF88 /* LaunchScreen.storyboard */ = {
			isa = PBXVariantGroup;
			children = (
				4A5AEE902085987300EBFF88 /* Base */,
			);
			name = LaunchScreen.storyboard;
			sourceTree = "<group>";
		};
/* End PBXVariantGroup section */

/* Begin XCBuildConfiguration section */
		4A5AEE952085987300EBFF88 /* Debug */ = {
			isa = XCBuildConfiguration;
			buildSettings = {
				ALWAYS_SEARCH_USER_PATHS = NO;
				CLANG_ANALYZER_NONNULL = YES;
				CLANG_ANALYZER_NUMBER_OBJECT_CONVERSION = YES_AGGRESSIVE;
				CLANG_CXX_LANGUAGE_STANDARD = "gnu++14";
				CLANG_CXX_LIBRARY = "libc++";
				CLANG_ENABLE_MODULES = YES;
				CLANG_ENABLE_OBJC_ARC = YES;
				CLANG_WARN_BLOCK_CAPTURE_AUTORELEASING = YES;
				CLANG_WARN_BOOL_CONVERSION = YES;
				CLANG_WARN_COMMA = YES;
				CLANG_WARN_CONSTANT_CONVERSION = YES;
				CLANG_WARN_DIRECT_OBJC_ISA_USAGE = YES_ERROR;
				CLANG_WARN_DOCUMENTATION_COMMENTS = YES;
				CLANG_WARN_EMPTY_BODY = YES;
				CLANG_WARN_ENUM_CONVERSION = YES;
				CLANG_WARN_INFINITE_RECURSION = YES;
				CLANG_WARN_INT_CONVERSION = YES;
				CLANG_WARN_NON_LITERAL_NULL_CONVERSION = YES;
				CLANG_WARN_OBJC_LITERAL_CONVERSION = YES;
				CLANG_WARN_OBJC_ROOT_CLASS = YES_ERROR;
				CLANG_WARN_RANGE_LOOP_ANALYSIS = YES;
				CLANG_WARN_STRICT_PROTOTYPES = YES;
				CLANG_WARN_SUSPICIOUS_MOVE = YES;
				CLANG_WARN_UNGUARDED_AVAILABILITY = YES_AGGRESSIVE;
				CLANG_WARN_UNREACHABLE_CODE = YES;
				CLANG_WARN__DUPLICATE_METHOD_MATCH = YES;
				CODE_SIGN_IDENTITY = "iPhone Developer";
				COPY_PHASE_STRIP = NO;
				DEBUG_INFORMATION_FORMAT = dwarf;
				ENABLE_STRICT_OBJC_MSGSEND = YES;
				ENABLE_TESTABILITY = YES;
				GCC_C_LANGUAGE_STANDARD = gnu11;
				GCC_DYNAMIC_NO_PIC = NO;
				GCC_NO_COMMON_BLOCKS = YES;
				GCC_OPTIMIZATION_LEVEL = 0;
				GCC_PREPROCESSOR_DEFINITIONS = (
					"DEBUG=1",
					"$(inherited)",
				);
				GCC_WARN_64_TO_32_BIT_CONVERSION = YES;
				GCC_WARN_ABOUT_RETURN_TYPE = YES_ERROR;
				GCC_WARN_UNDECLARED_SELECTOR = YES;
				GCC_WARN_UNINITIALIZED_AUTOS = YES_AGGRESSIVE;
				GCC_WARN_UNUSED_FUNCTION = YES;
				GCC_WARN_UNUSED_VARIABLE = YES;
				IPHONEOS_DEPLOYMENT_TARGET = 11.1;
				MTL_ENABLE_DEBUG_INFO = YES;
				ONLY_ACTIVE_ARCH = YES;
				SDKROOT = iphoneos;
			};
			name = Debug;
		};
		4A5AEE962085987300EBFF88 /* Release */ = {
			isa = XCBuildConfiguration;
			buildSettings = {
				ALWAYS_SEARCH_USER_PATHS = NO;
				CLANG_ANALYZER_NONNULL = YES;
				CLANG_ANALYZER_NUMBER_OBJECT_CONVERSION = YES_AGGRESSIVE;
				CLANG_CXX_LANGUAGE_STANDARD = "gnu++14";
				CLANG_CXX_LIBRARY = "libc++";
				CLANG_ENABLE_MODULES = YES;
				CLANG_ENABLE_OBJC_ARC = YES;
				CLANG_WARN_BLOCK_CAPTURE_AUTORELEASING = YES;
				CLANG_WARN_BOOL_CONVERSION = YES;
				CLANG_WARN_COMMA = YES;
				CLANG_WARN_CONSTANT_CONVERSION = YES;
				CLANG_WARN_DIRECT_OBJC_ISA_USAGE = YES_ERROR;
				CLANG_WARN_DOCUMENTATION_COMMENTS = YES;
				CLANG_WARN_EMPTY_BODY = YES;
				CLANG_WARN_ENUM_CONVERSION = YES;
				CLANG_WARN_INFINITE_RECURSION = YES;
				CLANG_WARN_INT_CONVERSION = YES;
				CLANG_WARN_NON_LITERAL_NULL_CONVERSION = YES;
				CLANG_WARN_OBJC_LITERAL_CONVERSION = YES;
				CLANG_WARN_OBJC_ROOT_CLASS = YES_ERROR;
				CLANG_WARN_RANGE_LOOP_ANALYSIS = YES;
				CLANG_WARN_STRICT_PROTOTYPES = YES;
				CLANG_WARN_SUSPICIOUS_MOVE = YES;
				CLANG_WARN_UNGUARDED_AVAILABILITY = YES_AGGRESSIVE;
				CLANG_WARN_UNREACHABLE_CODE = YES;
				CLANG_WARN__DUPLICATE_METHOD_MATCH = YES;
				CODE_SIGN_IDENTITY = "iPhone Developer";
				COPY_PHASE_STRIP = NO;
				DEBUG_INFORMATION_FORMAT = "dwarf-with-dsym";
				ENABLE_NS_ASSERTIONS = NO;
				ENABLE_STRICT_OBJC_MSGSEND = YES;
				GCC_C_LANGUAGE_STANDARD = gnu11;
				GCC_NO_COMMON_BLOCKS = YES;
				GCC_WARN_64_TO_32_BIT_CONVERSION = YES;
				GCC_WARN_ABOUT_RETURN_TYPE = YES_ERROR;
				GCC_WARN_UNDECLARED_SELECTOR = YES;
				GCC_WARN_UNINITIALIZED_AUTOS = YES_AGGRESSIVE;
				GCC_WARN_UNUSED_FUNCTION = YES;
				GCC_WARN_UNUSED_VARIABLE = YES;
				IPHONEOS_DEPLOYMENT_TARGET = 11.1;
				MTL_ENABLE_DEBUG_INFO = NO;
				SDKROOT = iphoneos;
				VALIDATE_PRODUCT = YES;
			};
			name = Release;
		};
		4A5AEE982085987300EBFF88 /* Debug */ = {
			isa = XCBuildConfiguration;
			baseConfigurationReference = 03F4406D2CD57D8E4838F5A5 /* Pods-MFPictureBrowserDemo.debug.xcconfig */;
			buildSettings = {
				CODE_SIGN_STYLE = Automatic;
				DEVELOPMENT_TEAM = 5D33D27VC6;
				INFOPLIST_FILE = MFPictureBrowserDemo/Info.plist;
				IPHONEOS_DEPLOYMENT_TARGET = 9.0;
				LD_RUNPATH_SEARCH_PATHS = "$(inherited) @executable_path/Frameworks";
				PRODUCT_BUNDLE_IDENTIFIER = net.microfeel.MFPictureBrowserDemo;
				PRODUCT_NAME = "$(TARGET_NAME)";
				TARGETED_DEVICE_FAMILY = "1,2";
			};
			name = Debug;
		};
		4A5AEE992085987300EBFF88 /* Release */ = {
			isa = XCBuildConfiguration;
			baseConfigurationReference = 8E2D0E105573B85353E3FBA2 /* Pods-MFPictureBrowserDemo.release.xcconfig */;
			buildSettings = {
				CODE_SIGN_STYLE = Automatic;
				DEVELOPMENT_TEAM = 5D33D27VC6;
				INFOPLIST_FILE = MFPictureBrowserDemo/Info.plist;
				IPHONEOS_DEPLOYMENT_TARGET = 9.0;
				LD_RUNPATH_SEARCH_PATHS = "$(inherited) @executable_path/Frameworks";
				PRODUCT_BUNDLE_IDENTIFIER = net.microfeel.MFPictureBrowserDemo;
				PRODUCT_NAME = "$(TARGET_NAME)";
				TARGETED_DEVICE_FAMILY = "1,2";
			};
			name = Release;
		};
/* End XCBuildConfiguration section */

/* Begin XCConfigurationList section */
		4A5AEE7C2085987300EBFF88 /* Build configuration list for PBXProject "MFPictureBrowserDemo" */ = {
			isa = XCConfigurationList;
			buildConfigurations = (
				4A5AEE952085987300EBFF88 /* Debug */,
				4A5AEE962085987300EBFF88 /* Release */,
			);
			defaultConfigurationIsVisible = 0;
			defaultConfigurationName = Release;
		};
		4A5AEE972085987300EBFF88 /* Build configuration list for PBXNativeTarget "MFPictureBrowserDemo" */ = {
			isa = XCConfigurationList;
			buildConfigurations = (
				4A5AEE982085987300EBFF88 /* Debug */,
				4A5AEE992085987300EBFF88 /* Release */,
			);
			defaultConfigurationIsVisible = 0;
			defaultConfigurationName = Release;
		};
/* End XCConfigurationList section */
	};
	rootObject = 4A5AEE792085987300EBFF88 /* Project object */;
}
