PODS:
  - MFCategory (0.2.1)
  - YYCache (1.0.4)
  - YYImage (1.0.4):
    - YYImage/Core (= 1.0.4)
  - YYImage/Core (1.0.4)
  - YYImage/WebP (1.0.4):
    - YYImage/Core
  - YYWebImage (1.0.5):
    - YYCache
    - YYImage

DEPENDENCIES:
  - MFCategory
  - YYImage/WebP
  - YYWebImage

SPEC REPOS:
  https://github.com/CocoaPods/Specs.git:
    - MFCategory
    - YYCache
    - YYImage
    - YYWebImage

SPEC CHECKSUMS:
  MFCategory: 82ca2cf2d9d05540fc64224a85dcfa9ff31c1d63
  YYCache: 8105b6638f5e849296c71f331ff83891a4942952
  YYImage: 1e1b62a9997399593e4b9c4ecfbbabbf1d3f3b54
  YYWebImage: 5f7f36aee2ae293f016d418c7d6ba05c4863e928

PODFILE CHECKSUM: 3ab000ab8e019c28a3d34e8cf4b4ec4a9427feac

COCOAPODS: 1.5.0
